// !$*UTF8*$!
{
	archiveVersion = 1;
	classes = {
	};
	objectVersion = 56;
	objects = {

/* Begin PBXBuildFile section */
		161E89E72B1FB55200F32E26 /* SpeacialsRowView.swift in Sources */ = {isa = PBXBuildFile; fileRef = 161E89E62B1FB55200F32E26 /* SpeacialsRowView.swift */; };
		161E89E92B20090D00F32E26 /* SkeletonView.swift in Sources */ = {isa = PBXBuildFile; fileRef = 161E89E82B20090D00F32E26 /* SkeletonView.swift */; };
		169583E42B1E5A0300A5C69A /* YummiAppApp.swift in Sources */ = {isa = PBXBuildFile; fileRef = 169583E32B1E5A0300A5C69A /* YummiAppApp.swift */; };
		169583E62B1E5A0300A5C69A /* TabBarView.swift in Sources */ = {isa = PBXBuildFile; fileRef = 169583E52B1E5A0300A5C69A /* TabBarView.swift */; };
		169583EA2B1E5A0400A5C69A /* Assets.xcassets in Resources */ = {isa = PBXBuildFile; fileRef = 169583E92B1E5A0400A5C69A /* Assets.xcassets */; };
		169583ED2B1E5A0400A5C69A /* Preview Assets.xcassets in Resources */ = {isa = PBXBuildFile; fileRef = 169583EC2B1E5A0400A5C69A /* Preview Assets.xcassets */; };
		169583F72B1E5A0400A5C69A /* YummiAppTests.swift in Sources */ = {isa = PBXBuildFile; fileRef = 169583F62B1E5A0400A5C69A /* YummiAppTests.swift */; };
		169584012B1E5A0400A5C69A /* YummiAppUITests.swift in Sources */ = {isa = PBXBuildFile; fileRef = 169584002B1E5A0400A5C69A /* YummiAppUITests.swift */; };
		169584032B1E5A0400A5C69A /* YummiAppUITestsLaunchTests.swift in Sources */ = {isa = PBXBuildFile; fileRef = 169584022B1E5A0400A5C69A /* YummiAppUITestsLaunchTests.swift */; };
		169584132B1E5B1000A5C69A /* Launch Screen.storyboard in Resources */ = {isa = PBXBuildFile; fileRef = 169584122B1E5B1000A5C69A /* Launch Screen.storyboard */; };
		169584182B1E5CDF00A5C69A /* HomeView.swift in Sources */ = {isa = PBXBuildFile; fileRef = 169584172B1E5CDF00A5C69A /* HomeView.swift */; };
		1695841A2B1E60A900A5C69A /* SettingsView.swift in Sources */ = {isa = PBXBuildFile; fileRef = 169584192B1E60A900A5C69A /* SettingsView.swift */; };
		1695841C2B1E611700A5C69A /* OrdersView.swift in Sources */ = {isa = PBXBuildFile; fileRef = 1695841B2B1E611700A5C69A /* OrdersView.swift */; };
		1695841E2B1E613700A5C69A /* SearchView.swift in Sources */ = {isa = PBXBuildFile; fileRef = 1695841D2B1E613700A5C69A /* SearchView.swift */; };
		169584332B1E702000A5C69A /* NetworkManager.swift in Sources */ = {isa = PBXBuildFile; fileRef = 169584322B1E702000A5C69A /* NetworkManager.swift */; };
		169584352B1E704700A5C69A /* APIEndPoints.swift in Sources */ = {isa = PBXBuildFile; fileRef = 169584342B1E704700A5C69A /* APIEndPoints.swift */; };
		169584372B1E708600A5C69A /* HomeModel.swift in Sources */ = {isa = PBXBuildFile; fileRef = 169584362B1E708600A5C69A /* HomeModel.swift */; };
		169584392B1E7AB600A5C69A /* HomeViewModel.swift in Sources */ = {isa = PBXBuildFile; fileRef = 169584382B1E7AB500A5C69A /* HomeViewModel.swift */; };
		16FC8F522B1F5CD0003FA460 /* CategoriesView.swift in Sources */ = {isa = PBXBuildFile; fileRef = 16FC8F512B1F5CD0003FA460 /* CategoriesView.swift */; };
		16FC8F542B1F61ED003FA460 /* PopularsAndSpecialsRowView.swift in Sources */ = {isa = PBXBuildFile; fileRef = 16FC8F532B1F61ED003FA460 /* PopularsAndSpecialsRowView.swift */; };
/* End PBXBuildFile section */

/* Begin PBXContainerItemProxy section */
		169583F32B1E5A0400A5C69A /* PBXContainerItemProxy */ = {
			isa = PBXContainerItemProxy;
			containerPortal = 169583D82B1E5A0300A5C69A /* Project object */;
			proxyType = 1;
			remoteGlobalIDString = 169583DF2B1E5A0300A5C69A;
			remoteInfo = YummiApp;
		};
		169583FD2B1E5A0400A5C69A /* PBXContainerItemProxy */ = {
			isa = PBXContainerItemProxy;
			containerPortal = 169583D82B1E5A0300A5C69A /* Project object */;
			proxyType = 1;
			remoteGlobalIDString = 169583DF2B1E5A0300A5C69A;
			remoteInfo = YummiApp;
		};
/* End PBXContainerItemProxy section */

/* Begin PBXFileReference section */
		161E89E62B1FB55200F32E26 /* SpeacialsRowView.swift */ = {isa = PBXFileReference; lastKnownFileType = sourcecode.swift; path = SpeacialsRowView.swift; sourceTree = "<group>"; };
		161E89E82B20090D00F32E26 /* SkeletonView.swift */ = {isa = PBXFileReference; lastKnownFileType = sourcecode.swift; path = SkeletonView.swift; sourceTree = "<group>"; };
		169583E02B1E5A0300A5C69A /* Yummi.app */ = {isa = PBXFileReference; explicitFileType = wrapper.application; includeInIndex = 0; path = Yummi.app; sourceTree = BUILT_PRODUCTS_DIR; };
		169583E32B1E5A0300A5C69A /* YummiAppApp.swift */ = {isa = PBXFileReference; lastKnownFileType = sourcecode.swift; path = YummiAppApp.swift; sourceTree = "<group>"; };
		169583E52B1E5A0300A5C69A /* TabBarView.swift */ = {isa = PBXFileReference; lastKnownFileType = sourcecode.swift; path = TabBarView.swift; sourceTree = "<group>"; };
		169583E92B1E5A0400A5C69A /* Assets.xcassets */ = {isa = PBXFileReference; lastKnownFileType = folder.assetcatalog; path = Assets.xcassets; sourceTree = "<group>"; };
		169583EC2B1E5A0400A5C69A /* Preview Assets.xcassets */ = {isa = PBXFileReference; lastKnownFileType = folder.assetcatalog; path = "Preview Assets.xcassets"; sourceTree = "<group>"; };
		169583F22B1E5A0400A5C69A /* YummiAppTests.xctest */ = {isa = PBXFileReference; explicitFileType = wrapper.cfbundle; includeInIndex = 0; path = YummiAppTests.xctest; sourceTree = BUILT_PRODUCTS_DIR; };
		169583F62B1E5A0400A5C69A /* YummiAppTests.swift */ = {isa = PBXFileReference; lastKnownFileType = sourcecode.swift; path = YummiAppTests.swift; sourceTree = "<group>"; };
		169583FC2B1E5A0400A5C69A /* YummiAppUITests.xctest */ = {isa = PBXFileReference; explicitFileType = wrapper.cfbundle; includeInIndex = 0; path = YummiAppUITests.xctest; sourceTree = BUILT_PRODUCTS_DIR; };
		169584002B1E5A0400A5C69A /* YummiAppUITests.swift */ = {isa = PBXFileReference; lastKnownFileType = sourcecode.swift; path = YummiAppUITests.swift; sourceTree = "<group>"; };
		169584022B1E5A0400A5C69A /* YummiAppUITestsLaunchTests.swift */ = {isa = PBXFileReference; lastKnownFileType = sourcecode.swift; path = YummiAppUITestsLaunchTests.swift; sourceTree = "<group>"; };
		169584122B1E5B1000A5C69A /* Launch Screen.storyboard */ = {isa = PBXFileReference; lastKnownFileType = file.storyboard; path = "Launch Screen.storyboard"; sourceTree = "<group>"; };
		169584172B1E5CDF00A5C69A /* HomeView.swift */ = {isa = PBXFileReference; lastKnownFileType = sourcecode.swift; path = HomeView.swift; sourceTree = "<group>"; };
		169584192B1E60A900A5C69A /* SettingsView.swift */ = {isa = PBXFileReference; lastKnownFileType = sourcecode.swift; path = SettingsView.swift; sourceTree = "<group>"; };
		1695841B2B1E611700A5C69A /* OrdersView.swift */ = {isa = PBXFileReference; lastKnownFileType = sourcecode.swift; path = OrdersView.swift; sourceTree = "<group>"; };
		1695841D2B1E613700A5C69A /* SearchView.swift */ = {isa = PBXFileReference; lastKnownFileType = sourcecode.swift; path = SearchView.swift; sourceTree = "<group>"; };
		1695842E2B1E6D0C00A5C69A /* Debug.xcconfig */ = {isa = PBXFileReference; lastKnownFileType = text.xcconfig; path = Debug.xcconfig; sourceTree = "<group>"; };
		1695842F2B1E6D1800A5C69A /* Release.xcconfig */ = {isa = PBXFileReference; lastKnownFileType = text.xcconfig; path = Release.xcconfig; sourceTree = "<group>"; };
		169584322B1E702000A5C69A /* NetworkManager.swift */ = {isa = PBXFileReference; lastKnownFileType = sourcecode.swift; path = NetworkManager.swift; sourceTree = "<group>"; };
		169584342B1E704700A5C69A /* APIEndPoints.swift */ = {isa = PBXFileReference; lastKnownFileType = sourcecode.swift; path = APIEndPoints.swift; sourceTree = "<group>"; };
		169584362B1E708600A5C69A /* HomeModel.swift */ = {isa = PBXFileReference; lastKnownFileType = sourcecode.swift; path = HomeModel.swift; sourceTree = "<group>"; };
		169584382B1E7AB500A5C69A /* HomeViewModel.swift */ = {isa = PBXFileReference; lastKnownFileType = sourcecode.swift; path = HomeViewModel.swift; sourceTree = "<group>"; };
		1695843B2B1E7E8900A5C69A /* Yummi-Info.plist */ = {isa = PBXFileReference; lastKnownFileType = text.plist; path = "Yummi-Info.plist"; sourceTree = "<group>"; };
		16FC8F512B1F5CD0003FA460 /* CategoriesView.swift */ = {isa = PBXFileReference; lastKnownFileType = sourcecode.swift; path = CategoriesView.swift; sourceTree = "<group>"; };
		16FC8F532B1F61ED003FA460 /* PopularsAndSpecialsRowView.swift */ = {isa = PBXFileReference; lastKnownFileType = sourcecode.swift; path = PopularsAndSpecialsRowView.swift; sourceTree = "<group>"; };
/* End PBXFileReference section */

/* Begin PBXFrameworksBuildPhase section */
		169583DD2B1E5A0300A5C69A /* Frameworks */ = {
			isa = PBXFrameworksBuildPhase;
			buildActionMask = 2147483647;
			files = (
			);
			runOnlyForDeploymentPostprocessing = 0;
		};
		169583EF2B1E5A0400A5C69A /* Frameworks */ = {
			isa = PBXFrameworksBuildPhase;
			buildActionMask = 2147483647;
			files = (
			);
			runOnlyForDeploymentPostprocessing = 0;
		};
		169583F92B1E5A0400A5C69A /* Frameworks */ = {
			isa = PBXFrameworksBuildPhase;
			buildActionMask = 2147483647;
			files = (
			);
			runOnlyForDeploymentPostprocessing = 0;
		};
/* End PBXFrameworksBuildPhase section */

/* Begin PBXGroup section */
		169583D72B1E5A0300A5C69A = {
			isa = PBXGroup;
			children = (
				1695843B2B1E7E8900A5C69A /* Yummi-Info.plist */,
				169583E22B1E5A0300A5C69A /* YummiApp */,
				169583F52B1E5A0400A5C69A /* YummiAppTests */,
				169583FF2B1E5A0400A5C69A /* YummiAppUITests */,
				169583E12B1E5A0300A5C69A /* Products */,
			);
			sourceTree = "<group>";
		};
		169583E12B1E5A0300A5C69A /* Products */ = {
			isa = PBXGroup;
			children = (
				169583E02B1E5A0300A5C69A /* Yummi.app */,
				169583F22B1E5A0400A5C69A /* YummiAppTests.xctest */,
				169583FC2B1E5A0400A5C69A /* YummiAppUITests.xctest */,
			);
			name = Products;
			sourceTree = "<group>";
		};
		169583E22B1E5A0300A5C69A /* YummiApp */ = {
			isa = PBXGroup;
			children = (
				1695842D2B1E6CF600A5C69A /* Config */,
				169584262B1E6C3800A5C69A /* Network */,
				169584142B1E5BD500A5C69A /* Lunch */,
				169584152B1E5BDF00A5C69A /* App */,
				169584162B1E5BF100A5C69A /* Screens */,
				169583E92B1E5A0400A5C69A /* Assets.xcassets */,
				169583EB2B1E5A0400A5C69A /* Preview Content */,
			);
			path = YummiApp;
			sourceTree = "<group>";
		};
		169583EB2B1E5A0400A5C69A /* Preview Content */ = {
			isa = PBXGroup;
			children = (
				169583EC2B1E5A0400A5C69A /* Preview Assets.xcassets */,
			);
			path = "Preview Content";
			sourceTree = "<group>";
		};
		169583F52B1E5A0400A5C69A /* YummiAppTests */ = {
			isa = PBXGroup;
			children = (
				169583F62B1E5A0400A5C69A /* YummiAppTests.swift */,
			);
			path = YummiAppTests;
			sourceTree = "<group>";
		};
		169583FF2B1E5A0400A5C69A /* YummiAppUITests */ = {
			isa = PBXGroup;
			children = (
				169584002B1E5A0400A5C69A /* YummiAppUITests.swift */,
				169584022B1E5A0400A5C69A /* YummiAppUITestsLaunchTests.swift */,
			);
			path = YummiAppUITests;
			sourceTree = "<group>";
		};
		169584142B1E5BD500A5C69A /* Lunch */ = {
			isa = PBXGroup;
			children = (
				169584122B1E5B1000A5C69A /* Launch Screen.storyboard */,
			);
			path = Lunch;
			sourceTree = "<group>";
		};
		169584152B1E5BDF00A5C69A /* App */ = {
			isa = PBXGroup;
			children = (
				169583E32B1E5A0300A5C69A /* YummiAppApp.swift */,
			);
			path = App;
			sourceTree = "<group>";
		};
		169584162B1E5BF100A5C69A /* Screens */ = {
			isa = PBXGroup;
			children = (
				1695841F2B1E616000A5C69A /* TabBar */,
				169584202B1E616C00A5C69A /* Home */,
				169584222B1E617E00A5C69A /* Orders */,
				169584232B1E618600A5C69A /* Search */,
				169584212B1E617400A5C69A /* Settings */,
			);
			path = Screens;
			sourceTree = "<group>";
		};
		1695841F2B1E616000A5C69A /* TabBar */ = {
			isa = PBXGroup;
			children = (
				169583E52B1E5A0300A5C69A /* TabBarView.swift */,
			);
			path = TabBar;
			sourceTree = "<group>";
		};
		169584202B1E616C00A5C69A /* Home */ = {
			isa = PBXGroup;
			children = (
				169584172B1E5CDF00A5C69A /* HomeView.swift */,
				169584382B1E7AB500A5C69A /* HomeViewModel.swift */,
				169584362B1E708600A5C69A /* HomeModel.swift */,
				16FC8F512B1F5CD0003FA460 /* CategoriesView.swift */,
				16FC8F532B1F61ED003FA460 /* PopularsAndSpecialsRowView.swift */,
				161E89E62B1FB55200F32E26 /* SpeacialsRowView.swift */,
				161E89E82B20090D00F32E26 /* SkeletonView.swift */,
			);
			path = Home;
			sourceTree = "<group>";
		};
		169584212B1E617400A5C69A /* Settings */ = {
			isa = PBXGroup;
			children = (
				169584192B1E60A900A5C69A /* SettingsView.swift */,
			);
			path = Settings;
			sourceTree = "<group>";
		};
		169584222B1E617E00A5C69A /* Orders */ = {
			isa = PBXGroup;
			children = (
				1695841B2B1E611700A5C69A /* OrdersView.swift */,
			);
			path = Orders;
			sourceTree = "<group>";
		};
		169584232B1E618600A5C69A /* Search */ = {
			isa = PBXGroup;
			children = (
				1695841D2B1E613700A5C69A /* SearchView.swift */,
			);
			path = Search;
			sourceTree = "<group>";
		};
		169584262B1E6C3800A5C69A /* Network */ = {
			isa = PBXGroup;
			children = (
				169584322B1E702000A5C69A /* NetworkManager.swift */,
				169584342B1E704700A5C69A /* APIEndPoints.swift */,
			);
			path = Network;
			sourceTree = "<group>";
		};
		1695842D2B1E6CF600A5C69A /* Config */ = {
			isa = PBXGroup;
			children = (
				1695842E2B1E6D0C00A5C69A /* Debug.xcconfig */,
				1695842F2B1E6D1800A5C69A /* Release.xcconfig */,
			);
			path = Config;
			sourceTree = "<group>";
		};
/* End PBXGroup section */

/* Begin PBXNativeTarget section */
		169583DF2B1E5A0300A5C69A /* Yummi */ = {
			isa = PBXNativeTarget;
			buildConfigurationList = 169584062B1E5A0400A5C69A /* Build configuration list for PBXNativeTarget "Yummi" */;
			buildPhases = (
				169583DC2B1E5A0300A5C69A /* Sources */,
				169583DD2B1E5A0300A5C69A /* Frameworks */,
				169583DE2B1E5A0300A5C69A /* Resources */,
			);
			buildRules = (
			);
			dependencies = (
			);
			name = Yummi;
			productName = YummiApp;
			productReference = 169583E02B1E5A0300A5C69A /* Yummi.app */;
			productType = "com.apple.product-type.application";
		};
		169583F12B1E5A0400A5C69A /* YummiAppTests */ = {
			isa = PBXNativeTarget;
			buildConfigurationList = 169584092B1E5A0400A5C69A /* Build configuration list for PBXNativeTarget "YummiAppTests" */;
			buildPhases = (
				169583EE2B1E5A0400A5C69A /* Sources */,
				169583EF2B1E5A0400A5C69A /* Frameworks */,
				169583F02B1E5A0400A5C69A /* Resources */,
			);
			buildRules = (
			);
			dependencies = (
				169583F42B1E5A0400A5C69A /* PBXTargetDependency */,
			);
			name = YummiAppTests;
			productName = YummiAppTests;
			productReference = 169583F22B1E5A0400A5C69A /* YummiAppTests.xctest */;
			productType = "com.apple.product-type.bundle.unit-test";
		};
		169583FB2B1E5A0400A5C69A /* YummiAppUITests */ = {
			isa = PBXNativeTarget;
			buildConfigurationList = 1695840C2B1E5A0400A5C69A /* Build configuration list for PBXNativeTarget "YummiAppUITests" */;
			buildPhases = (
				169583F82B1E5A0400A5C69A /* Sources */,
				169583F92B1E5A0400A5C69A /* Frameworks */,
				169583FA2B1E5A0400A5C69A /* Resources */,
			);
			buildRules = (
			);
			dependencies = (
				169583FE2B1E5A0400A5C69A /* PBXTargetDependency */,
			);
			name = YummiAppUITests;
			productName = YummiAppUITests;
			productReference = 169583FC2B1E5A0400A5C69A /* YummiAppUITests.xctest */;
			productType = "com.apple.product-type.bundle.ui-testing";
		};
/* End PBXNativeTarget section */

/* Begin PBXProject section */
		169583D82B1E5A0300A5C69A /* Project object */ = {
			isa = PBXProject;
			attributes = {
				BuildIndependentTargetsInParallel = 1;
				LastSwiftUpdateCheck = 1500;
				LastUpgradeCheck = 1500;
				TargetAttributes = {
					169583DF2B1E5A0300A5C69A = {
						CreatedOnToolsVersion = 15.0.1;
					};
					169583F12B1E5A0400A5C69A = {
						CreatedOnToolsVersion = 15.0.1;
						TestTargetID = 169583DF2B1E5A0300A5C69A;
					};
					169583FB2B1E5A0400A5C69A = {
						CreatedOnToolsVersion = 15.0.1;
						TestTargetID = 169583DF2B1E5A0300A5C69A;
					};
				};
			};
			buildConfigurationList = 169583DB2B1E5A0300A5C69A /* Build configuration list for PBXProject "YummiApp" */;
			compatibilityVersion = "Xcode 14.0";
			developmentRegion = en;
			hasScannedForEncodings = 0;
			knownRegions = (
				en,
				Base,
			);
			mainGroup = 169583D72B1E5A0300A5C69A;
			productRefGroup = 169583E12B1E5A0300A5C69A /* Products */;
			projectDirPath = "";
			projectRoot = "";
			targets = (
				169583DF2B1E5A0300A5C69A /* Yummi */,
				169583F12B1E5A0400A5C69A /* YummiAppTests */,
				169583FB2B1E5A0400A5C69A /* YummiAppUITests */,
			);
		};
/* End PBXProject section */

/* Begin PBXResourcesBuildPhase section */
		169583DE2B1E5A0300A5C69A /* Resources */ = {
			isa = PBXResourcesBuildPhase;
			buildActionMask = 2147483647;
			files = (
				169584132B1E5B1000A5C69A /* Launch Screen.storyboard in Resources */,
				169583ED2B1E5A0400A5C69A /* Preview Assets.xcassets in Resources */,
				169583EA2B1E5A0400A5C69A /* Assets.xcassets in Resources */,
			);
			runOnlyForDeploymentPostprocessing = 0;
		};
		169583F02B1E5A0400A5C69A /* Resources */ = {
			isa = PBXResourcesBuildPhase;
			buildActionMask = 2147483647;
			files = (
			);
			runOnlyForDeploymentPostprocessing = 0;
		};
		169583FA2B1E5A0400A5C69A /* Resources */ = {
			isa = PBXResourcesBuildPhase;
			buildActionMask = 2147483647;
			files = (
			);
			runOnlyForDeploymentPostprocessing = 0;
		};
/* End PBXResourcesBuildPhase section */

/* Begin PBXSourcesBuildPhase section */
		169583DC2B1E5A0300A5C69A /* Sources */ = {
			isa = PBXSourcesBuildPhase;
			buildActionMask = 2147483647;
			files = (
				1695841C2B1E611700A5C69A /* OrdersView.swift in Sources */,
				161E89E92B20090D00F32E26 /* SkeletonView.swift in Sources */,
				169584182B1E5CDF00A5C69A /* HomeView.swift in Sources */,
				1695841A2B1E60A900A5C69A /* SettingsView.swift in Sources */,
				169584392B1E7AB600A5C69A /* HomeViewModel.swift in Sources */,
				169584352B1E704700A5C69A /* APIEndPoints.swift in Sources */,
				169584332B1E702000A5C69A /* NetworkManager.swift in Sources */,
				169583E62B1E5A0300A5C69A /* TabBarView.swift in Sources */,
				1695841E2B1E613700A5C69A /* SearchView.swift in Sources */,
				16FC8F522B1F5CD0003FA460 /* CategoriesView.swift in Sources */,
				169583E42B1E5A0300A5C69A /* YummiAppApp.swift in Sources */,
				161E89E72B1FB55200F32E26 /* SpeacialsRowView.swift in Sources */,
				16FC8F542B1F61ED003FA460 /* PopularsAndSpecialsRowView.swift in Sources */,
				169584372B1E708600A5C69A /* HomeModel.swift in Sources */,
			);
			runOnlyForDeploymentPostprocessing = 0;
		};
		169583EE2B1E5A0400A5C69A /* Sources */ = {
			isa = PBXSourcesBuildPhase;
			buildActionMask = 2147483647;
			files = (
				169583F72B1E5A0400A5C69A /* YummiAppTests.swift in Sources */,
			);
			runOnlyForDeploymentPostprocessing = 0;
		};
		169583F82B1E5A0400A5C69A /* Sources */ = {
			isa = PBXSourcesBuildPhase;
			buildActionMask = 2147483647;
			files = (
				169584032B1E5A0400A5C69A /* YummiAppUITestsLaunchTests.swift in Sources */,
				169584012B1E5A0400A5C69A /* YummiAppUITests.swift in Sources */,
			);
			runOnlyForDeploymentPostprocessing = 0;
		};
/* End PBXSourcesBuildPhase section */

/* Begin PBXTargetDependency section */
		169583F42B1E5A0400A5C69A /* PBXTargetDependency */ = {
			isa = PBXTargetDependency;
			target = 169583DF2B1E5A0300A5C69A /* Yummi */;
			targetProxy = 169583F32B1E5A0400A5C69A /* PBXContainerItemProxy */;
		};
		169583FE2B1E5A0400A5C69A /* PBXTargetDependency */ = {
			isa = PBXTargetDependency;
			target = 169583DF2B1E5A0300A5C69A /* Yummi */;
			targetProxy = 169583FD2B1E5A0400A5C69A /* PBXContainerItemProxy */;
		};
/* End PBXTargetDependency section */

/* Begin XCBuildConfiguration section */
		169584042B1E5A0400A5C69A /* Debug */ = {
			isa = XCBuildConfiguration;
			baseConfigurationReference = 1695842E2B1E6D0C00A5C69A /* Debug.xcconfig */;
			buildSettings = {
				ALWAYS_SEARCH_USER_PATHS = NO;
				ASSETCATALOG_COMPILER_GENERATE_SWIFT_ASSET_SYMBOL_EXTENSIONS = YES;
				CLANG_ANALYZER_NONNULL = YES;
				CLANG_ANALYZER_NUMBER_OBJECT_CONVERSION = YES_AGGRESSIVE;
				CLANG_CXX_LANGUAGE_STANDARD = "gnu++20";
				CLANG_ENABLE_MODULES = YES;
				CLANG_ENABLE_OBJC_ARC = YES;
				CLANG_ENABLE_OBJC_WEAK = YES;
				CLANG_WARN_BLOCK_CAPTURE_AUTORELEASING = YES;
				CLANG_WARN_BOOL_CONVERSION = YES;
				CLANG_WARN_COMMA = YES;
				CLANG_WARN_CONSTANT_CONVERSION = YES;
				CLANG_WARN_DEPRECATED_OBJC_IMPLEMENTATIONS = YES;
				CLANG_WARN_DIRECT_OBJC_ISA_USAGE = YES_ERROR;
				CLANG_WARN_DOCUMENTATION_COMMENTS = YES;
				CLANG_WARN_EMPTY_BODY = YES;
				CLANG_WARN_ENUM_CONVERSION = YES;
				CLANG_WARN_INFINITE_RECURSION = YES;
				CLANG_WARN_INT_CONVERSION = YES;
				CLANG_WARN_NON_LITERAL_NULL_CONVERSION = YES;
				CLANG_WARN_OBJC_IMPLICIT_RETAIN_SELF = YES;
				CLANG_WARN_OBJC_LITERAL_CONVERSION = YES;
				CLANG_WARN_OBJC_ROOT_CLASS = YES_ERROR;
				CLANG_WARN_QUOTED_INCLUDE_IN_FRAMEWORK_HEADER = YES;
				CLANG_WARN_RANGE_LOOP_ANALYSIS = YES;
				CLANG_WARN_STRICT_PROTOTYPES = YES;
				CLANG_WARN_SUSPICIOUS_MOVE = YES;
				CLANG_WARN_UNGUARDED_AVAILABILITY = YES_AGGRESSIVE;
				CLANG_WARN_UNREACHABLE_CODE = YES;
				CLANG_WARN__DUPLICATE_METHOD_MATCH = YES;
				COPY_PHASE_STRIP = NO;
				DEBUG_INFORMATION_FORMAT = dwarf;
				ENABLE_STRICT_OBJC_MSGSEND = YES;
				ENABLE_TESTABILITY = YES;
				ENABLE_USER_SCRIPT_SANDBOXING = YES;
				GCC_C_LANGUAGE_STANDARD = gnu17;
				GCC_DYNAMIC_NO_PIC = NO;
				GCC_NO_COMMON_BLOCKS = YES;
				GCC_OPTIMIZATION_LEVEL = 0;
				GCC_PREPROCESSOR_DEFINITIONS = (
					"DEBUG=1",
					"$(inherited)",
				);
				GCC_WARN_64_TO_32_BIT_CONVERSION = YES;
				GCC_WARN_ABOUT_RETURN_TYPE = YES_ERROR;
				GCC_WARN_UNDECLARED_SELECTOR = YES;
				GCC_WARN_UNINITIALIZED_AUTOS = YES_AGGRESSIVE;
				GCC_WARN_UNUSED_FUNCTION = YES;
				GCC_WARN_UNUSED_VARIABLE = YES;
				IPHONEOS_DEPLOYMENT_TARGET = 17.0;
				LOCALIZATION_PREFERS_STRING_CATALOGS = YES;
				MTL_ENABLE_DEBUG_INFO = INCLUDE_SOURCE;
				MTL_FAST_MATH = YES;
				ONLY_ACTIVE_ARCH = YES;
				SDKROOT = iphoneos;
				SWIFT_ACTIVE_COMPILATION_CONDITIONS = "DEBUG $(inherited)";
				SWIFT_OPTIMIZATION_LEVEL = "-Onone";
			};
			name = Debug;
		};
		169584052B1E5A0400A5C69A /* Release */ = {
			isa = XCBuildConfiguration;
			baseConfigurationReference = 1695842F2B1E6D1800A5C69A /* Release.xcconfig */;
			buildSettings = {
				ALWAYS_SEARCH_USER_PATHS = NO;
				ASSETCATALOG_COMPILER_GENERATE_SWIFT_ASSET_SYMBOL_EXTENSIONS = YES;
				CLANG_ANALYZER_NONNULL = YES;
				CLANG_ANALYZER_NUMBER_OBJECT_CONVERSION = YES_AGGRESSIVE;
				CLANG_CXX_LANGUAGE_STANDARD = "gnu++20";
				CLANG_ENABLE_MODULES = YES;
				CLANG_ENABLE_OBJC_ARC = YES;
				CLANG_ENABLE_OBJC_WEAK = YES;
				CLANG_WARN_BLOCK_CAPTURE_AUTORELEASING = YES;
				CLANG_WARN_BOOL_CONVERSION = YES;
				CLANG_WARN_COMMA = YES;
				CLANG_WARN_CONSTANT_CONVERSION = YES;
				CLANG_WARN_DEPRECATED_OBJC_IMPLEMENTATIONS = YES;
				CLANG_WARN_DIRECT_OBJC_ISA_USAGE = YES_ERROR;
				CLANG_WARN_DOCUMENTATION_COMMENTS = YES;
				CLANG_WARN_EMPTY_BODY = YES;
				CLANG_WARN_ENUM_CONVERSION = YES;
				CLANG_WARN_INFINITE_RECURSION = YES;
				CLANG_WARN_INT_CONVERSION = YES;
				CLANG_WARN_NON_LITERAL_NULL_CONVERSION = YES;
				CLANG_WARN_OBJC_IMPLICIT_RETAIN_SELF = YES;
				CLANG_WARN_OBJC_LITERAL_CONVERSION = YES;
				CLANG_WARN_OBJC_ROOT_CLASS = YES_ERROR;
				CLANG_WARN_QUOTED_INCLUDE_IN_FRAMEWORK_HEADER = YES;
				CLANG_WARN_RANGE_LOOP_ANALYSIS = YES;
				CLANG_WARN_STRICT_PROTOTYPES = YES;
				CLANG_WARN_SUSPICIOUS_MOVE = YES;
				CLANG_WARN_UNGUARDED_AVAILABILITY = YES_AGGRESSIVE;
				CLANG_WARN_UNREACHABLE_CODE = YES;
				CLANG_WARN__DUPLICATE_METHOD_MATCH = YES;
				COPY_PHASE_STRIP = NO;
				DEBUG_INFORMATION_FORMAT = "dwarf-with-dsym";
				ENABLE_NS_ASSERTIONS = NO;
				ENABLE_STRICT_OBJC_MSGSEND = YES;
				ENABLE_USER_SCRIPT_SANDBOXING = YES;
				GCC_C_LANGUAGE_STANDARD = gnu17;
				GCC_NO_COMMON_BLOCKS = YES;
				GCC_WARN_64_TO_32_BIT_CONVERSION = YES;
				GCC_WARN_ABOUT_RETURN_TYPE = YES_ERROR;
				GCC_WARN_UNDECLARED_SELECTOR = YES;
				GCC_WARN_UNINITIALIZED_AUTOS = YES_AGGRESSIVE;
				GCC_WARN_UNUSED_FUNCTION = YES;
				GCC_WARN_UNUSED_VARIABLE = YES;
				IPHONEOS_DEPLOYMENT_TARGET = 17.0;
				LOCALIZATION_PREFERS_STRING_CATALOGS = YES;
				MTL_ENABLE_DEBUG_INFO = NO;
				MTL_FAST_MATH = YES;
				SDKROOT = iphoneos;
				SWIFT_COMPILATION_MODE = wholemodule;
				VALIDATE_PRODUCT = YES;
			};
			name = Release;
		};
		169584072B1E5A0400A5C69A /* Debug */ = {
			isa = XCBuildConfiguration;
			baseConfigurationReference = 1695842E2B1E6D0C00A5C69A /* Debug.xcconfig */;
			buildSettings = {
				ASSETCATALOG_COMPILER_APPICON_NAME = AppIcon;
				ASSETCATALOG_COMPILER_GLOBAL_ACCENT_COLOR_NAME = AccentColor;
				CODE_SIGN_STYLE = Automatic;
				CURRENT_PROJECT_VERSION = 1;
				DEVELOPMENT_ASSET_PATHS = "\"YummiApp/Preview Content\"";
				DEVELOPMENT_TEAM = 2C4XF58Z9A;
				ENABLE_PREVIEWS = YES;
				GENERATE_INFOPLIST_FILE = YES;
				INFOPLIST_FILE = "Yummi-Info.plist";
				INFOPLIST_KEY_UIApplicationSceneManifest_Generation = YES;
				INFOPLIST_KEY_UIApplicationSupportsIndirectInputEvents = YES;
				INFOPLIST_KEY_UILaunchScreen_Generation = YES;
				INFOPLIST_KEY_UILaunchStoryboardName = "Launch Screen.storyboard";
				INFOPLIST_KEY_UISupportedInterfaceOrientations = "UIInterfaceOrientationPortrait UIInterfaceOrientationPortraitUpsideDown";
				LD_RUNPATH_SEARCH_PATHS = (
					"$(inherited)",
					"@executable_path/Frameworks",
				);
				MARKETING_VERSION = 1.0;
				PRODUCT_BUNDLE_IDENTIFIER = yummi.swifui.app.YummiApp;
				PRODUCT_NAME = "$(TARGET_NAME)";
				SUPPORTED_PLATFORMS = "iphoneos iphonesimulator";
				SUPPORTS_MACCATALYST = NO;
				SUPPORTS_MAC_DESIGNED_FOR_IPHONE_IPAD = NO;
				SWIFT_EMIT_LOC_STRINGS = YES;
				SWIFT_VERSION = 5.0;
				TARGETED_DEVICE_FAMILY = "1,2";
			};
			name = Debug;
		};
		169584082B1E5A0400A5C69A /* Release */ = {
			isa = XCBuildConfiguration;
			baseConfigurationReference = 1695842F2B1E6D1800A5C69A /* Release.xcconfig */;
			buildSettings = {
				ASSETCATALOG_COMPILER_APPICON_NAME = AppIcon;
				ASSETCATALOG_COMPILER_GLOBAL_ACCENT_COLOR_NAME = AccentColor;
				CODE_SIGN_STYLE = Automatic;
				CURRENT_PROJECT_VERSION = 1;
				DEVELOPMENT_ASSET_PATHS = "\"YummiApp/Preview Content\"";
				DEVELOPMENT_TEAM = 2C4XF58Z9A;
				ENABLE_PREVIEWS = YES;
				GENERATE_INFOPLIST_FILE = YES;
				INFOPLIST_FILE = "Yummi-Info.plist";
				INFOPLIST_KEY_UIApplicationSceneManifest_Generation = YES;
				INFOPLIST_KEY_UIApplicationSupportsIndirectInputEvents = YES;
				INFOPLIST_KEY_UILaunchScreen_Generation = YES;
				INFOPLIST_KEY_UILaunchStoryboardName = "Launch Screen.storyboard";
				INFOPLIST_KEY_UISupportedInterfaceOrientations = "UIInterfaceOrientationPortrait UIInterfaceOrientationPortraitUpsideDown";
				LD_RUNPATH_SEARCH_PATHS = (
					"$(inherited)",
					"@executable_path/Frameworks",
				);
				MARKETING_VERSION = 1.0;
				PRODUCT_BUNDLE_IDENTIFIER = yummi.swifui.app.YummiApp;
				PRODUCT_NAME = "$(TARGET_NAME)";
				SUPPORTED_PLATFORMS = "iphoneos iphonesimulator";
				SUPPORTS_MACCATALYST = NO;
				SUPPORTS_MAC_DESIGNED_FOR_IPHONE_IPAD = NO;
				SWIFT_EMIT_LOC_STRINGS = YES;
				SWIFT_VERSION = 5.0;
				TARGETED_DEVICE_FAMILY = "1,2";
			};
			name = Release;
		};
		1695840A2B1E5A0400A5C69A /* Debug */ = {
			isa = XCBuildConfiguration;
			baseConfigurationReference = 1695842E2B1E6D0C00A5C69A /* Debug.xcconfig */;
			buildSettings = {
				ALWAYS_EMBED_SWIFT_STANDARD_LIBRARIES = YES;
				BUNDLE_LOADER = "$(TEST_HOST)";
				CODE_SIGN_STYLE = Automatic;
				CURRENT_PROJECT_VERSION = 1;
				DEVELOPMENT_TEAM = 2C4XF58Z9A;
				GENERATE_INFOPLIST_FILE = YES;
				IPHONEOS_DEPLOYMENT_TARGET = 17.0;
				MARKETING_VERSION = 1.0;
				PRODUCT_BUNDLE_IDENTIFIER = yummi.swifui.app.YummiAppTests;
				PRODUCT_NAME = "$(TARGET_NAME)";
				SWIFT_EMIT_LOC_STRINGS = NO;
				SWIFT_VERSION = 5.0;
				TARGETED_DEVICE_FAMILY = "1,2";
				TEST_HOST = "$(BUILT_PRODUCTS_DIR)/YummiApp.app/$(BUNDLE_EXECUTABLE_FOLDER_PATH)/YummiApp";
			};
			name = Debug;
		};
		1695840B2B1E5A0400A5C69A /* Release */ = {
			isa = XCBuildConfiguration;
			baseConfigurationReference = 1695842F2B1E6D1800A5C69A /* Release.xcconfig */;
			buildSettings = {
				ALWAYS_EMBED_SWIFT_STANDARD_LIBRARIES = YES;
				BUNDLE_LOADER = "$(TEST_HOST)";
				CODE_SIGN_STYLE = Automatic;
				CURRENT_PROJECT_VERSION = 1;
				DEVELOPMENT_TEAM = 2C4XF58Z9A;
				GENERATE_INFOPLIST_FILE = YES;
				IPHONEOS_DEPLOYMENT_TARGET = 17.0;
				MARKETING_VERSION = 1.0;
				PRODUCT_BUNDLE_IDENTIFIER = yummi.swifui.app.YummiAppTests;
				PRODUCT_NAME = "$(TARGET_NAME)";
				SWIFT_EMIT_LOC_STRINGS = NO;
				SWIFT_VERSION = 5.0;
				TARGETED_DEVICE_FAMILY = "1,2";
				TEST_HOST = "$(BUILT_PRODUCTS_DIR)/YummiApp.app/$(BUNDLE_EXECUTABLE_FOLDER_PATH)/YummiApp";
			};
			name = Release;
		};
		1695840D2B1E5A0400A5C69A /* Debug */ = {
			isa = XCBuildConfiguration;
			baseConfigurationReference = 1695842E2B1E6D0C00A5C69A /* Debug.xcconfig */;
			buildSettings = {
				ALWAYS_EMBED_SWIFT_STANDARD_LIBRARIES = YES;
				CODE_SIGN_STYLE = Automatic;
				CURRENT_PROJECT_VERSION = 1;
				DEVELOPMENT_TEAM = 2C4XF58Z9A;
				GENERATE_INFOPLIST_FILE = YES;
				MARKETING_VERSION = 1.0;
				PRODUCT_BUNDLE_IDENTIFIER = yummi.swifui.app.YummiAppUITests;
				PRODUCT_NAME = "$(TARGET_NAME)";
				SWIFT_EMIT_LOC_STRINGS = NO;
				SWIFT_VERSION = 5.0;
				TARGETED_DEVICE_FAMILY = "1,2";
				TEST_TARGET_NAME = YummiApp;
			};
			name = Debug;
		};
		1695840E2B1E5A0400A5C69A /* Release */ = {
			isa = XCBuildConfiguration;
			baseConfigurationReference = 1695842F2B1E6D1800A5C69A /* Release.xcconfig */;
			buildSettings = {
				ALWAYS_EMBED_SWIFT_STANDARD_LIBRARIES = YES;
				CODE_SIGN_STYLE = Automatic;
				CURRENT_PROJECT_VERSION = 1;
				DEVELOPMENT_TEAM = 2C4XF58Z9A;
				GENERATE_INFOPLIST_FILE = YES;
				MARKETING_VERSION = 1.0;
				PRODUCT_BUNDLE_IDENTIFIER = yummi.swifui.app.YummiAppUITests;
				PRODUCT_NAME = "$(TARGET_NAME)";
				SWIFT_EMIT_LOC_STRINGS = NO;
				SWIFT_VERSION = 5.0;
				TARGETED_DEVICE_FAMILY = "1,2";
				TEST_TARGET_NAME = YummiApp;
			};
			name = Release;
		};
/* End XCBuildConfiguration section */

/* Begin XCConfigurationList section */
		169583DB2B1E5A0300A5C69A /* Build configuration list for PBXProject "YummiApp" */ = {
			isa = XCConfigurationList;
			buildConfigurations = (
				169584042B1E5A0400A5C69A /* Debug */,
				169584052B1E5A0400A5C69A /* Release */,
			);
			defaultConfigurationIsVisible = 0;
			defaultConfigurationName = Release;
		};
		169584062B1E5A0400A5C69A /* Build configuration list for PBXNativeTarget "Yummi" */ = {
			isa = XCConfigurationList;
			buildConfigurations = (
				169584072B1E5A0400A5C69A /* Debug */,
				169584082B1E5A0400A5C69A /* Release */,
			);
			defaultConfigurationIsVisible = 0;
			defaultConfigurationName = Release;
		};
		169584092B1E5A0400A5C69A /* Build configuration list for PBXNativeTarget "YummiAppTests" */ = {
			isa = XCConfigurationList;
			buildConfigurations = (
				1695840A2B1E5A0400A5C69A /* Debug */,
				1695840B2B1E5A0400A5C69A /* Release */,
			);
			defaultConfigurationIsVisible = 0;
			defaultConfigurationName = Release;
		};
		1695840C2B1E5A0400A5C69A /* Build configuration list for PBXNativeTarget "YummiAppUITests" */ = {
			isa = XCConfigurationList;
			buildConfigurations = (
				1695840D2B1E5A0400A5C69A /* Debug */,
				1695840E2B1E5A0400A5C69A /* Release */,
			);
			defaultConfigurationIsVisible = 0;
			defaultConfigurationName = Release;
		};
/* End XCConfigurationList section */
	};
	rootObject = 169583D82B1E5A0300A5C69A /* Project object */;
}
